
Microsoft Visual Studio Solution File, Format Version 12.00
Project("{FAE04EC0-301F-11D3-BF4B-00C04F79EFBC}") = "b2c", "b2c\b2c.csproj", "{D9003DC5-7DFD-4717-904F-8F26DA33BA04}"
EndProject
Global
	GlobalSection(SolutionConfigurationPlatforms) = preSolution
		Debug|Any CPU = Debug|Any CPU
		Release|Any CPU = Release|Any CPU
	EndGlobalSection
	GlobalSection(ProjectConfigurationPlatforms) = postSolution
		{D9003DC5-7DFD-4717-904F-8F26DA33BA04}.Debug|Any CPU.ActiveCfg = Debug|Any CPU
		{D9003DC5-7DFD-4717-904F-8F26DA33BA04}.Debug|Any CPU.Build.0 = Debug|Any CPU
		{D9003DC5-7DFD-4717-904F-8F26DA33BA04}.Release|Any CPU.ActiveCfg = Release|Any CPU
		{D9003DC5-7DFD-4717-904F-8F26DA33BA04}.Release|Any CPU.Build.0 = Release|Any CPU
	EndGlobalSection
EndGlobal
